// !$*UTF8*$!
{
	archiveVersion = 1;
	classes = {
	};
	objectVersion = 77;
	objects = {

/* Begin PBXFileReference section */
		E979DAEC2F23A044006E5764 /* test.py */ = {isa = PBXFileReference; lastKnownFileType = text.script.python; path = test.py; sourceTree = "<group>"; };
/* End PBXFileReference section */

/* Begin PBXGroup section */
		E979DAE52F23A035006E5764 = {
			isa = PBXGroup;
			children = (
				E979DAEC2F23A044006E5764 /* test.py */,
			);
			sourceTree = "<group>";
		};
/* End PBXGroup section */

/* Begin PBXProject section */
		E979DAE62F23A035006E5764 /* Project object */ = {
			isa = PBXProject;
			attributes = {
				BuildIndependentTargetsInParallel = 1;
				LastUpgradeCheck = 2620;
			};
			buildConfigurationList = E979DAE92F23A035006E5764 /* Build configuration list for PBXProject "Test" */;
			developmentRegion = en;
			hasScannedForEncodings = 0;
			knownRegions = (
				en,
				Base,
			);
			mainGroup = E979DAE52F23A035006E5764;
			minimizedProjectReferenceProxies = 1;
			preferredProjectObjectVersion = 77;
			projectDirPath = "";
			projectRoot = "";
			targets = (
			);
		};
/* End PBXProject section */

/* Begin XCBuildConfiguration section */
		E979DAEA2F23A035006E5764 /* Debug */ = {
			isa = XCBuildConfiguration;
			buildSettings = {
			};
			name = Debug;
		};
		E979DAEB2F23A035006E5764 /* Release */ = {
			isa = XCBuildConfiguration;
			buildSettings = {
			};
			name = Release;
		};
/* End XCBuildConfiguration section */

/* Begin XCConfigurationList section */
		E979DAE92F23A035006E5764 /* Build configuration list for PBXProject "Test" */ = {
			isa = XCConfigurationList;
			buildConfigurations = (
				E979DAEA2F23A035006E5764 /* Debug */,
				E979DAEB2F23A035006E5764 /* Release */,
			);
			defaultConfigurationIsVisible = 0;
			defaultConfigurationName = Release;
		};
/* End XCConfigurationList section */
	};
	rootObject = E979DAE62F23A035006E5764 /* Project object */;
}
